
Microsoft Visual Studio Solution File, Format Version 12.00
# Visual Studio 15
VisualStudioVersion = 15.0.27703.2042
MinimumVisualStudioVersion = 10.0.40219.1
Project("{FAE04EC0-301F-11D3-BF4B-00C04F79EFBC}") = "Axantum.AxCrypt.Mono", "Axantum.AxCrypt.Mono\Axantum.AxCrypt.Mono.csproj", "{CE9E8614-8DC5-4757-9384-3C416AB61A47}"
EndProject
Project("{FAE04EC0-301F-11D3-BF4B-00C04F79EFBC}") = "Axantum.AxCrypt.Core", "Axantum.AxCrypt.Core\Axantum.AxCrypt.Core.csproj", "{966E9510-1A1D-46C7-97B5-460A0FF9B89F}"
EndProject
Project("{FAE04EC0-301F-11D3-BF4B-00C04F79EFBC}") = "Axantum.AxCrypt.Core.Test", "Axantum.AxCrypt.Core.Test\Axantum.AxCrypt.Core.Test.csproj", "{2689B1EF-29AF-4F3E-A7EC-C87FF66DC403}"
EndProject
Project("{FAE04EC0-301F-11D3-BF4B-00C04F79EFBC}") = "Axantum.AxCrypt.Mono.Test", "Axantum.AxCrypt.Mono.Test\Axantum.AxCrypt.Mono.Test.csproj", "{79C4901A-BCAA-49AA-A789-6A8F97ACC881}"
EndProject
Project("{FAE04EC0-301F-11D3-BF4B-00C04F79EFBC}") = "SolutionItems", "SolutionItems\SolutionItems.csproj", "{A60D139A-7DBC-4BC5-976A-D89C32C913AD}"
EndProject
Project("{FAE04EC0-301F-11D3-BF4B-00C04F79EFBC}") = "Axantum.AxCrypt", "Axantum.AxCrypt\Axantum.AxCrypt.csproj", "{0998224C-F45E-4EBF-A944-7FFBCB2DB134}"
EndProject
Project("{FAE04EC0-301F-11D3-BF4B-00C04F79EFBC}") = "Axantum.AxCrypt.Forms", "Axantum.AxCrypt.Forms\Axantum.AxCrypt.Forms.csproj", "{AC7C1ECD-4543-4CF3-8938-32F3D8CB89D5}"
EndProject
Project("{FAE04EC0-301F-11D3-BF4B-00C04F79EFBC}") = "BouncyCastle.AxCrypt", "BouncyCastle.AxCrypt\BouncyCastle.AxCrypt.csproj", "{3680C939-B21F-4444-B646-42FB4B29A786}"
EndProject
Project("{FAE04EC0-301F-11D3-BF4B-00C04F79EFBC}") = "Axantum.AxCrypt.Desktop", "Axantum.AxCrypt.Desktop\Axantum.AxCrypt.Desktop.csproj", "{D64DE570-3A36-49D3-95AA-9262647B04EE}"
EndProject
Project("{FAE04EC0-301F-11D3-BF4B-00C04F79EFBC}") = "Axantum.AxCrypt.Desktop.Test", "Axantum.AxCrypt.Desktop.Test\Axantum.AxCrypt.Desktop.Test.csproj", "{79C1CBFF-B54E-43FC-A4CB-E6AF0AA1D0FF}"
EndProject
Project("{FAE04EC0-301F-11D3-BF4B-00C04F79EFBC}") = "Axantum.AxCrypt.Api", "Axantum.AxCrypt.Api\Axantum.AxCrypt.Api.csproj", "{6EA275D5-2372-4FCF-BB4F-5C48F5901350}"
EndProject
Project("{FAE04EC0-301F-11D3-BF4B-00C04F79EFBC}") = "Axantum.AxCrypt.Api.Test", "Axantum.AxCrypt.Api.Test\Axantum.AxCrypt.Api.Test.csproj", "{D34E5E80-BFF9-4300-8ADA-9085D0EC65BB}"
EndProject
Project("{FAE04EC0-301F-11D3-BF4B-00C04F79EFBC}") = "Axantum.AxCrypt.Abstractions", "Axantum.AxCrypt.Abstractions\Axantum.AxCrypt.Abstractions.csproj", "{61E59383-C053-4416-9981-0DCFB8D89DC3}"
EndProject
Project("{FAE04EC0-301F-11D3-BF4B-00C04F79EFBC}") = "Axantum.AxCrypt.Fake", "Axantum.AxCrypt.Fake\Axantum.AxCrypt.Fake.csproj", "{48602976-ABA8-4639-93E1-54CD0B2F0C23}"
EndProject
Project("{FAE04EC0-301F-11D3-BF4B-00C04F79EFBC}") = "Axantum.AxCrypt.Common", "Axantum.AxCrypt.Common\Axantum.AxCrypt.Common.csproj", "{FB429566-E4A5-4391-805B-0E2A2AE297AC}"
EndProject
Project("{FAE04EC0-301F-11D3-BF4B-00C04F79EFBC}") = "AxCrypt.Content", "AxCrypt.Content\AxCrypt.Content.csproj", "{CB0C5A7A-FBEE-4F02-BDAE-4A7F206C1CD4}"
EndProject
Project("{FAE04EC0-301F-11D3-BF4B-00C04F79EFBC}") = "Axantum.AxCrypt.Common.Test", "Axantum.AxCrypt.Common.Test\Axantum.AxCrypt.Common.Test.csproj", "{D08C2916-8ECB-4163-8171-BD86EF392858}"
EndProject
Project("{2150E333-8FDC-42A3-9474-1A3956D46DE8}") = "Test", "Test", "{5F7EF80E-DFBE-4CD4-853F-5AACE94DDA21}"
EndProject
Project("{FAE04EC0-301F-11D3-BF4B-00C04F79EFBC}") = "AxCrypt.Sdk", "AxCrypt.Sdk\AxCrypt.Sdk.csproj", "{18269DE2-2BD0-441B-B540-596E87B6E869}"
EndProject
Global
	GlobalSection(SolutionConfigurationPlatforms) = preSolution
		Debug|Any CPU = Debug|Any CPU
		Debug|x64 = Debug|x64
		Debug|x86 = Debug|x86
		Release|Any CPU = Release|Any CPU
		Release|x64 = Release|x64
		Release|x86 = Release|x86
	EndGlobalSection
	GlobalSection(ProjectConfigurationPlatforms) = postSolution
		{CE9E8614-8DC5-4757-9384-3C416AB61A47}.Debug|Any CPU.ActiveCfg = Debug|Any CPU
		{CE9E8614-8DC5-4757-9384-3C416AB61A47}.Debug|Any CPU.Build.0 = Debug|Any CPU
		{CE9E8614-8DC5-4757-9384-3C416AB61A47}.Debug|x64.ActiveCfg = Debug|Any CPU
		{CE9E8614-8DC5-4757-9384-3C416AB61A47}.Debug|x64.Build.0 = Debug|Any CPU
		{CE9E8614-8DC5-4757-9384-3C416AB61A47}.Debug|x86.ActiveCfg = Debug|Any CPU
		{CE9E8614-8DC5-4757-9384-3C416AB61A47}.Debug|x86.Build.0 = Debug|Any CPU
		{CE9E8614-8DC5-4757-9384-3C416AB61A47}.Release|Any CPU.ActiveCfg = Release|Any CPU
		{CE9E8614-8DC5-4757-9384-3C416AB61A47}.Release|Any CPU.Build.0 = Release|Any CPU
		{CE9E8614-8DC5-4757-9384-3C416AB61A47}.Release|x64.ActiveCfg = Release|Any CPU
		{CE9E8614-8DC5-4757-9384-3C416AB61A47}.Release|x64.Build.0 = Release|Any CPU
		{CE9E8614-8DC5-4757-9384-3C416AB61A47}.Release|x86.ActiveCfg = Release|Any CPU
		{CE9E8614-8DC5-4757-9384-3C416AB61A47}.Release|x86.Build.0 = Release|Any CPU
		{966E9510-1A1D-46C7-97B5-460A0FF9B89F}.Debug|Any CPU.ActiveCfg = Debug|Any CPU
		{966E9510-1A1D-46C7-97B5-460A0FF9B89F}.Debug|Any CPU.Build.0 = Debug|Any CPU
		{966E9510-1A1D-46C7-97B5-460A0FF9B89F}.Debug|x64.ActiveCfg = Debug|Any CPU
		{966E9510-1A1D-46C7-97B5-460A0FF9B89F}.Debug|x64.Build.0 = Debug|Any CPU
		{966E9510-1A1D-46C7-97B5-460A0FF9B89F}.Debug|x86.ActiveCfg = Debug|Any CPU
		{966E9510-1A1D-46C7-97B5-460A0FF9B89F}.Debug|x86.Build.0 = Debug|Any CPU
		{966E9510-1A1D-46C7-97B5-460A0FF9B89F}.Release|Any CPU.ActiveCfg = Release|Any CPU
		{966E9510-1A1D-46C7-97B5-460A0FF9B89F}.Release|Any CPU.Build.0 = Release|Any CPU
		{966E9510-1A1D-46C7-97B5-460A0FF9B89F}.Release|x64.ActiveCfg = Release|Any CPU
		{966E9510-1A1D-46C7-97B5-460A0FF9B89F}.Release|x64.Build.0 = Release|Any CPU
		{966E9510-1A1D-46C7-97B5-460A0FF9B89F}.Release|x86.ActiveCfg = Release|Any CPU
		{966E9510-1A1D-46C7-97B5-460A0FF9B89F}.Release|x86.Build.0 = Release|Any CPU
		{2689B1EF-29AF-4F3E-A7EC-C87FF66DC403}.Debug|Any CPU.ActiveCfg = Debug|Any CPU
		{2689B1EF-29AF-4F3E-A7EC-C87FF66DC403}.Debug|Any CPU.Build.0 = Debug|Any CPU
		{2689B1EF-29AF-4F3E-A7EC-C87FF66DC403}.Debug|x64.ActiveCfg = Debug|Any CPU
		{2689B1EF-29AF-4F3E-A7EC-C87FF66DC403}.Debug|x64.Build.0 = Debug|Any CPU
		{2689B1EF-29AF-4F3E-A7EC-C87FF66DC403}.Debug|x86.ActiveCfg = Debug|Any CPU
		{2689B1EF-29AF-4F3E-A7EC-C87FF66DC403}.Debug|x86.Build.0 = Debug|Any CPU
		{2689B1EF-29AF-4F3E-A7EC-C87FF66DC403}.Release|Any CPU.ActiveCfg = Release|Any CPU
		{2689B1EF-29AF-4F3E-A7EC-C87FF66DC403}.Release|Any CPU.Build.0 = Release|Any CPU
		{2689B1EF-29AF-4F3E-A7EC-C87FF66DC403}.Release|x64.ActiveCfg = Release|Any CPU
		{2689B1EF-29AF-4F3E-A7EC-C87FF66DC403}.Release|x64.Build.0 = Release|Any CPU
		{2689B1EF-29AF-4F3E-A7EC-C87FF66DC403}.Release|x86.ActiveCfg = Release|Any CPU
		{2689B1EF-29AF-4F3E-A7EC-C87FF66DC403}.Release|x86.Build.0 = Release|Any CPU
		{79C4901A-BCAA-49AA-A789-6A8F97ACC881}.Debug|Any CPU.ActiveCfg = Debug|Any CPU
		{79C4901A-BCAA-49AA-A789-6A8F97ACC881}.Debug|Any CPU.Build.0 = Debug|Any CPU
		{79C4901A-BCAA-49AA-A789-6A8F97ACC881}.Debug|x64.ActiveCfg = Debug|Any CPU
		{79C4901A-BCAA-49AA-A789-6A8F97ACC881}.Debug|x64.Build.0 = Debug|Any CPU
		{79C4901A-BCAA-49AA-A789-6A8F97ACC881}.Debug|x86.ActiveCfg = Debug|Any CPU
		{79C4901A-BCAA-49AA-A789-6A8F97ACC881}.Debug|x86.Build.0 = Debug|Any CPU
		{79C4901A-BCAA-49AA-A789-6A8F97ACC881}.Release|Any CPU.ActiveCfg = Release|Any CPU
		{79C4901A-BCAA-49AA-A789-6A8F97ACC881}.Release|Any CPU.Build.0 = Release|Any CPU
		{79C4901A-BCAA-49AA-A789-6A8F97ACC881}.Release|x64.ActiveCfg = Release|Any CPU
		{79C4901A-BCAA-49AA-A789-6A8F97ACC881}.Release|x64.Build.0 = Release|Any CPU
		{79C4901A-BCAA-49AA-A789-6A8F97ACC881}.Release|x86.ActiveCfg = Release|Any CPU
		{79C4901A-BCAA-49AA-A789-6A8F97ACC881}.Release|x86.Build.0 = Release|Any CPU
		{A60D139A-7DBC-4BC5-976A-D89C32C913AD}.Debug|Any CPU.ActiveCfg = Debug|Any CPU
		{A60D139A-7DBC-4BC5-976A-D89C32C913AD}.Debug|Any CPU.Build.0 = Debug|Any CPU
		{A60D139A-7DBC-4BC5-976A-D89C32C913AD}.Debug|x64.ActiveCfg = Debug|Any CPU
		{A60D139A-7DBC-4BC5-976A-D89C32C913AD}.Debug|x64.Build.0 = Debug|Any CPU
		{A60D139A-7DBC-4BC5-976A-D89C32C913AD}.Debug|x86.ActiveCfg = Debug|Any CPU
		{A60D139A-7DBC-4BC5-976A-D89C32C913AD}.Debug|x86.Build.0 = Debug|Any CPU
		{A60D139A-7DBC-4BC5-976A-D89C32C913AD}.Release|Any CPU.ActiveCfg = Debug|Any CPU
		{A60D139A-7DBC-4BC5-976A-D89C32C913AD}.Release|Any CPU.Build.0 = Debug|Any CPU
		{A60D139A-7DBC-4BC5-976A-D89C32C913AD}.Release|x64.ActiveCfg = Debug|Any CPU
		{A60D139A-7DBC-4BC5-976A-D89C32C913AD}.Release|x64.Build.0 = Debug|Any CPU
		{A60D139A-7DBC-4BC5-976A-D89C32C913AD}.Release|x86.ActiveCfg = Debug|Any CPU
		{A60D139A-7DBC-4BC5-976A-D89C32C913AD}.Release|x86.Build.0 = Debug|Any CPU
		{0998224C-F45E-4EBF-A944-7FFBCB2DB134}.Debug|Any CPU.ActiveCfg = Debug|Any CPU
		{0998224C-F45E-4EBF-A944-7FFBCB2DB134}.Debug|Any CPU.Build.0 = Debug|Any CPU
		{0998224C-F45E-4EBF-A944-7FFBCB2DB134}.Debug|x64.ActiveCfg = Debug|Any CPU
		{0998224C-F45E-4EBF-A944-7FFBCB2DB134}.Debug|x64.Build.0 = Debug|Any CPU
		{0998224C-F45E-4EBF-A944-7FFBCB2DB134}.Debug|x86.ActiveCfg = Debug|Any CPU
		{0998224C-F45E-4EBF-A944-7FFBCB2DB134}.Debug|x86.Build.0 = Debug|Any CPU
		{0998224C-F45E-4EBF-A944-7FFBCB2DB134}.Release|Any CPU.ActiveCfg = Release|Any CPU
		{0998224C-F45E-4EBF-A944-7FFBCB2DB134}.Release|Any CPU.Build.0 = Release|Any CPU
		{0998224C-F45E-4EBF-A944-7FFBCB2DB134}.Release|x64.ActiveCfg = Release|Any CPU
		{0998224C-F45E-4EBF-A944-7FFBCB2DB134}.Release|x64.Build.0 = Release|Any CPU
		{0998224C-F45E-4EBF-A944-7FFBCB2DB134}.Release|x86.ActiveCfg = Release|Any CPU
		{0998224C-F45E-4EBF-A944-7FFBCB2DB134}.Release|x86.Build.0 = Release|Any CPU
		{AC7C1ECD-4543-4CF3-8938-32F3D8CB89D5}.Debug|Any CPU.ActiveCfg = Debug|Any CPU
		{AC7C1ECD-4543-4CF3-8938-32F3D8CB89D5}.Debug|Any CPU.Build.0 = Debug|Any CPU
		{AC7C1ECD-4543-4CF3-8938-32F3D8CB89D5}.Debug|x64.ActiveCfg = Debug|Any CPU
		{AC7C1ECD-4543-4CF3-8938-32F3D8CB89D5}.Debug|x64.Build.0 = Debug|Any CPU
		{AC7C1ECD-4543-4CF3-8938-32F3D8CB89D5}.Debug|x86.ActiveCfg = Debug|Any CPU
		{AC7C1ECD-4543-4CF3-8938-32F3D8CB89D5}.Debug|x86.Build.0 = Debug|Any CPU
		{AC7C1ECD-4543-4CF3-8938-32F3D8CB89D5}.Release|Any CPU.ActiveCfg = Release|Any CPU
		{AC7C1ECD-4543-4CF3-8938-32F3D8CB89D5}.Release|Any CPU.Build.0 = Release|Any CPU
		{AC7C1ECD-4543-4CF3-8938-32F3D8CB89D5}.Release|x64.ActiveCfg = Release|Any CPU
		{AC7C1ECD-4543-4CF3-8938-32F3D8CB89D5}.Release|x64.Build.0 = Release|Any CPU
		{AC7C1ECD-4543-4CF3-8938-32F3D8CB89D5}.Release|x86.ActiveCfg = Release|Any CPU
		{AC7C1ECD-4543-4CF3-8938-32F3D8CB89D5}.Release|x86.Build.0 = Release|Any CPU
		{3680C939-B21F-4444-B646-42FB4B29A786}.Debug|Any CPU.ActiveCfg = Debug|Any CPU
		{3680C939-B21F-4444-B646-42FB4B29A786}.Debug|Any CPU.Build.0 = Debug|Any CPU
		{3680C939-B21F-4444-B646-42FB4B29A786}.Debug|x64.ActiveCfg = Debug|Any CPU
		{3680C939-B21F-4444-B646-42FB4B29A786}.Debug|x64.Build.0 = Debug|Any CPU
		{3680C939-B21F-4444-B646-42FB4B29A786}.Debug|x86.ActiveCfg = Debug|Any CPU
		{3680C939-B21F-4444-B646-42FB4B29A786}.Debug|x86.Build.0 = Debug|Any CPU
		{3680C939-B21F-4444-B646-42FB4B29A786}.Release|Any CPU.ActiveCfg = Release|Any CPU
		{3680C939-B21F-4444-B646-42FB4B29A786}.Release|Any CPU.Build.0 = Release|Any CPU
		{3680C939-B21F-4444-B646-42FB4B29A786}.Release|x64.ActiveCfg = Release|Any CPU
		{3680C939-B21F-4444-B646-42FB4B29A786}.Release|x64.Build.0 = Release|Any CPU
		{3680C939-B21F-4444-B646-42FB4B29A786}.Release|x86.ActiveCfg = Release|Any CPU
		{3680C939-B21F-4444-B646-42FB4B29A786}.Release|x86.Build.0 = Release|Any CPU
		{D64DE570-3A36-49D3-95AA-9262647B04EE}.Debug|Any CPU.ActiveCfg = Debug|Any CPU
		{D64DE570-3A36-49D3-95AA-9262647B04EE}.Debug|Any CPU.Build.0 = Debug|Any CPU
		{D64DE570-3A36-49D3-95AA-9262647B04EE}.Debug|x64.ActiveCfg = Debug|Any CPU
		{D64DE570-3A36-49D3-95AA-9262647B04EE}.Debug|x64.Build.0 = Debug|Any CPU
		{D64DE570-3A36-49D3-95AA-9262647B04EE}.Debug|x86.ActiveCfg = Debug|Any CPU
		{D64DE570-3A36-49D3-95AA-9262647B04EE}.Debug|x86.Build.0 = Debug|Any CPU
		{D64DE570-3A36-49D3-95AA-9262647B04EE}.Release|Any CPU.ActiveCfg = Release|Any CPU
		{D64DE570-3A36-49D3-95AA-9262647B04EE}.Release|Any CPU.Build.0 = Release|Any CPU
		{D64DE570-3A36-49D3-95AA-9262647B04EE}.Release|x64.ActiveCfg = Release|Any CPU
		{D64DE570-3A36-49D3-95AA-9262647B04EE}.Release|x64.Build.0 = Release|Any CPU
		{D64DE570-3A36-49D3-95AA-9262647B04EE}.Release|x86.ActiveCfg = Release|Any CPU
		{D64DE570-3A36-49D3-95AA-9262647B04EE}.Release|x86.Build.0 = Release|Any CPU
		{79C1CBFF-B54E-43FC-A4CB-E6AF0AA1D0FF}.Debug|Any CPU.ActiveCfg = Debug|Any CPU
		{79C1CBFF-B54E-43FC-A4CB-E6AF0AA1D0FF}.Debug|Any CPU.Build.0 = Debug|Any CPU
		{79C1CBFF-B54E-43FC-A4CB-E6AF0AA1D0FF}.Debug|x64.ActiveCfg = Debug|Any CPU
		{79C1CBFF-B54E-43FC-A4CB-E6AF0AA1D0FF}.Debug|x64.Build.0 = Debug|Any CPU
		{79C1CBFF-B54E-43FC-A4CB-E6AF0AA1D0FF}.Debug|x86.ActiveCfg = Debug|Any CPU
		{79C1CBFF-B54E-43FC-A4CB-E6AF0AA1D0FF}.Debug|x86.Build.0 = Debug|Any CPU
		{79C1CBFF-B54E-43FC-A4CB-E6AF0AA1D0FF}.Release|Any CPU.ActiveCfg = Release|Any CPU
		{79C1CBFF-B54E-43FC-A4CB-E6AF0AA1D0FF}.Release|Any CPU.Build.0 = Release|Any CPU
		{79C1CBFF-B54E-43FC-A4CB-E6AF0AA1D0FF}.Release|x64.ActiveCfg = Release|Any CPU
		{79C1CBFF-B54E-43FC-A4CB-E6AF0AA1D0FF}.Release|x64.Build.0 = Release|Any CPU
		{79C1CBFF-B54E-43FC-A4CB-E6AF0AA1D0FF}.Release|x86.ActiveCfg = Release|Any CPU
		{79C1CBFF-B54E-43FC-A4CB-E6AF0AA1D0FF}.Release|x86.Build.0 = Release|Any CPU
		{6EA275D5-2372-4FCF-BB4F-5C48F5901350}.Debug|Any CPU.ActiveCfg = Debug|Any CPU
		{6EA275D5-2372-4FCF-BB4F-5C48F5901350}.Debug|Any CPU.Build.0 = Debug|Any CPU
		{6EA275D5-2372-4FCF-BB4F-5C48F5901350}.Debug|x64.ActiveCfg = Debug|Any CPU
		{6EA275D5-2372-4FCF-BB4F-5C48F5901350}.Debug|x64.Build.0 = Debug|Any CPU
		{6EA275D5-2372-4FCF-BB4F-5C48F5901350}.Debug|x86.ActiveCfg = Debug|Any CPU
		{6EA275D5-2372-4FCF-BB4F-5C48F5901350}.Debug|x86.Build.0 = Debug|Any CPU
		{6EA275D5-2372-4FCF-BB4F-5C48F5901350}.Release|Any CPU.ActiveCfg = Release|Any CPU
		{6EA275D5-2372-4FCF-BB4F-5C48F5901350}.Release|Any CPU.Build.0 = Release|Any CPU
		{6EA275D5-2372-4FCF-BB4F-5C48F5901350}.Release|x64.ActiveCfg = Release|Any CPU
		{6EA275D5-2372-4FCF-BB4F-5C48F5901350}.Release|x64.Build.0 = Release|Any CPU
		{6EA275D5-2372-4FCF-BB4F-5C48F5901350}.Release|x86.ActiveCfg = Release|Any CPU
		{6EA275D5-2372-4FCF-BB4F-5C48F5901350}.Release|x86.Build.0 = Release|Any CPU
		{D34E5E80-BFF9-4300-8ADA-9085D0EC65BB}.Debug|Any CPU.ActiveCfg = Debug|Any CPU
		{D34E5E80-BFF9-4300-8ADA-9085D0EC65BB}.Debug|Any CPU.Build.0 = Debug|Any CPU
		{D34E5E80-BFF9-4300-8ADA-9085D0EC65BB}.Debug|x64.ActiveCfg = Debug|Any CPU
		{D34E5E80-BFF9-4300-8ADA-9085D0EC65BB}.Debug|x64.Build.0 = Debug|Any CPU
		{D34E5E80-BFF9-4300-8ADA-9085D0EC65BB}.Debug|x86.ActiveCfg = Debug|Any CPU
		{D34E5E80-BFF9-4300-8ADA-9085D0EC65BB}.Debug|x86.Build.0 = Debug|Any CPU
		{D34E5E80-BFF9-4300-8ADA-9085D0EC65BB}.Release|Any CPU.ActiveCfg = Release|Any CPU
		{D34E5E80-BFF9-4300-8ADA-9085D0EC65BB}.Release|Any CPU.Build.0 = Release|Any CPU
		{D34E5E80-BFF9-4300-8ADA-9085D0EC65BB}.Release|x64.ActiveCfg = Release|Any CPU
		{D34E5E80-BFF9-4300-8ADA-9085D0EC65BB}.Release|x64.Build.0 = Release|Any CPU
		{D34E5E80-BFF9-4300-8ADA-9085D0EC65BB}.Release|x86.ActiveCfg = Release|Any CPU
		{D34E5E80-BFF9-4300-8ADA-9085D0EC65BB}.Release|x86.Build.0 = Release|Any CPU
		{61E59383-C053-4416-9981-0DCFB8D89DC3}.Debug|Any CPU.ActiveCfg = Debug|Any CPU
		{61E59383-C053-4416-9981-0DCFB8D89DC3}.Debug|Any CPU.Build.0 = Debug|Any CPU
		{61E59383-C053-4416-9981-0DCFB8D89DC3}.Debug|x64.ActiveCfg = Debug|Any CPU
		{61E59383-C053-4416-9981-0DCFB8D89DC3}.Debug|x64.Build.0 = Debug|Any CPU
		{61E59383-C053-4416-9981-0DCFB8D89DC3}.Debug|x86.ActiveCfg = Debug|Any CPU
		{61E59383-C053-4416-9981-0DCFB8D89DC3}.Debug|x86.Build.0 = Debug|Any CPU
		{61E59383-C053-4416-9981-0DCFB8D89DC3}.Release|Any CPU.ActiveCfg = Release|Any CPU
		{61E59383-C053-4416-9981-0DCFB8D89DC3}.Release|Any CPU.Build.0 = Release|Any CPU
		{61E59383-C053-4416-9981-0DCFB8D89DC3}.Release|x64.ActiveCfg = Release|Any CPU
		{61E59383-C053-4416-9981-0DCFB8D89DC3}.Release|x64.Build.0 = Release|Any CPU
		{61E59383-C053-4416-9981-0DCFB8D89DC3}.Release|x86.ActiveCfg = Release|Any CPU
		{61E59383-C053-4416-9981-0DCFB8D89DC3}.Release|x86.Build.0 = Release|Any CPU
		{48602976-ABA8-4639-93E1-54CD0B2F0C23}.Debug|Any CPU.ActiveCfg = Debug|Any CPU
		{48602976-ABA8-4639-93E1-54CD0B2F0C23}.Debug|Any CPU.Build.0 = Debug|Any CPU
		{48602976-ABA8-4639-93E1-54CD0B2F0C23}.Debug|x64.ActiveCfg = Debug|Any CPU
		{48602976-ABA8-4639-93E1-54CD0B2F0C23}.Debug|x64.Build.0 = Debug|Any CPU
		{48602976-ABA8-4639-93E1-54CD0B2F0C23}.Debug|x86.ActiveCfg = Debug|Any CPU
		{48602976-ABA8-4639-93E1-54CD0B2F0C23}.Debug|x86.Build.0 = Debug|Any CPU
		{48602976-ABA8-4639-93E1-54CD0B2F0C23}.Release|Any CPU.ActiveCfg = Release|Any CPU
		{48602976-ABA8-4639-93E1-54CD0B2F0C23}.Release|Any CPU.Build.0 = Release|Any CPU
		{48602976-ABA8-4639-93E1-54CD0B2F0C23}.Release|x64.ActiveCfg = Release|Any CPU
		{48602976-ABA8-4639-93E1-54CD0B2F0C23}.Release|x64.Build.0 = Release|Any CPU
		{48602976-ABA8-4639-93E1-54CD0B2F0C23}.Release|x86.ActiveCfg = Release|Any CPU
		{48602976-ABA8-4639-93E1-54CD0B2F0C23}.Release|x86.Build.0 = Release|Any CPU
		{FB429566-E4A5-4391-805B-0E2A2AE297AC}.Debug|Any CPU.ActiveCfg = Debug|Any CPU
		{FB429566-E4A5-4391-805B-0E2A2AE297AC}.Debug|Any CPU.Build.0 = Debug|Any CPU
		{FB429566-E4A5-4391-805B-0E2A2AE297AC}.Debug|x64.ActiveCfg = Debug|Any CPU
		{FB429566-E4A5-4391-805B-0E2A2AE297AC}.Debug|x64.Build.0 = Debug|Any CPU
		{FB429566-E4A5-4391-805B-0E2A2AE297AC}.Debug|x86.ActiveCfg = Debug|Any CPU
		{FB429566-E4A5-4391-805B-0E2A2AE297AC}.Debug|x86.Build.0 = Debug|Any CPU
		{FB429566-E4A5-4391-805B-0E2A2AE297AC}.Release|Any CPU.ActiveCfg = Release|Any CPU
		{FB429566-E4A5-4391-805B-0E2A2AE297AC}.Release|Any CPU.Build.0 = Release|Any CPU
		{FB429566-E4A5-4391-805B-0E2A2AE297AC}.Release|x64.ActiveCfg = Release|Any CPU
		{FB429566-E4A5-4391-805B-0E2A2AE297AC}.Release|x64.Build.0 = Release|Any CPU
		{FB429566-E4A5-4391-805B-0E2A2AE297AC}.Release|x86.ActiveCfg = Release|Any CPU
		{FB429566-E4A5-4391-805B-0E2A2AE297AC}.Release|x86.Build.0 = Release|Any CPU
		{CB0C5A7A-FBEE-4F02-BDAE-4A7F206C1CD4}.Debug|Any CPU.ActiveCfg = Debug|Any CPU
		{CB0C5A7A-FBEE-4F02-BDAE-4A7F206C1CD4}.Debug|Any CPU.Build.0 = Debug|Any CPU
		{CB0C5A7A-FBEE-4F02-BDAE-4A7F206C1CD4}.Debug|x64.ActiveCfg = Debug|Any CPU
		{CB0C5A7A-FBEE-4F02-BDAE-4A7F206C1CD4}.Debug|x64.Build.0 = Debug|Any CPU
		{CB0C5A7A-FBEE-4F02-BDAE-4A7F206C1CD4}.Debug|x86.ActiveCfg = Debug|Any CPU
		{CB0C5A7A-FBEE-4F02-BDAE-4A7F206C1CD4}.Debug|x86.Build.0 = Debug|Any CPU
		{CB0C5A7A-FBEE-4F02-BDAE-4A7F206C1CD4}.Release|Any CPU.ActiveCfg = Release|Any CPU
		{CB0C5A7A-FBEE-4F02-BDAE-4A7F206C1CD4}.Release|Any CPU.Build.0 = Release|Any CPU
		{CB0C5A7A-FBEE-4F02-BDAE-4A7F206C1CD4}.Release|x64.ActiveCfg = Release|Any CPU
		{CB0C5A7A-FBEE-4F02-BDAE-4A7F206C1CD4}.Release|x64.Build.0 = Release|Any CPU
		{CB0C5A7A-FBEE-4F02-BDAE-4A7F206C1CD4}.Release|x86.ActiveCfg = Release|Any CPU
		{CB0C5A7A-FBEE-4F02-BDAE-4A7F206C1CD4}.Release|x86.Build.0 = Release|Any CPU
		{D08C2916-8ECB-4163-8171-BD86EF392858}.Debug|Any CPU.ActiveCfg = Debug|Any CPU
		{D08C2916-8ECB-4163-8171-BD86EF392858}.Debug|Any CPU.Build.0 = Debug|Any CPU
		{D08C2916-8ECB-4163-8171-BD86EF392858}.Debug|x64.ActiveCfg = Debug|Any CPU
		{D08C2916-8ECB-4163-8171-BD86EF392858}.Debug|x64.Build.0 = Debug|Any CPU
		{D08C2916-8ECB-4163-8171-BD86EF392858}.Debug|x86.ActiveCfg = Debug|Any CPU
		{D08C2916-8ECB-4163-8171-BD86EF392858}.Debug|x86.Build.0 = Debug|Any CPU
		{D08C2916-8ECB-4163-8171-BD86EF392858}.Release|Any CPU.ActiveCfg = Release|Any CPU
		{D08C2916-8ECB-4163-8171-BD86EF392858}.Release|Any CPU.Build.0 = Release|Any CPU
		{D08C2916-8ECB-4163-8171-BD86EF392858}.Release|x64.ActiveCfg = Release|Any CPU
		{D08C2916-8ECB-4163-8171-BD86EF392858}.Release|x64.Build.0 = Release|Any CPU
		{D08C2916-8ECB-4163-8171-BD86EF392858}.Release|x86.ActiveCfg = Release|Any CPU
		{D08C2916-8ECB-4163-8171-BD86EF392858}.Release|x86.Build.0 = Release|Any CPU
		{18269DE2-2BD0-441B-B540-596E87B6E869}.Debug|Any CPU.ActiveCfg = Debug|Any CPU
		{18269DE2-2BD0-441B-B540-596E87B6E869}.Debug|Any CPU.Build.0 = Debug|Any CPU
		{18269DE2-2BD0-441B-B540-596E87B6E869}.Debug|x64.ActiveCfg = Debug|Any CPU
		{18269DE2-2BD0-441B-B540-596E87B6E869}.Debug|x64.Build.0 = Debug|Any CPU
		{18269DE2-2BD0-441B-B540-596E87B6E869}.Debug|x86.ActiveCfg = Debug|Any CPU
		{18269DE2-2BD0-441B-B540-596E87B6E869}.Debug|x86.Build.0 = Debug|Any CPU
		{18269DE2-2BD0-441B-B540-596E87B6E869}.Release|Any CPU.ActiveCfg = Release|Any CPU
		{18269DE2-2BD0-441B-B540-596E87B6E869}.Release|Any CPU.Build.0 = Release|Any CPU
		{18269DE2-2BD0-441B-B540-596E87B6E869}.Release|x64.ActiveCfg = Release|Any CPU
		{18269DE2-2BD0-441B-B540-596E87B6E869}.Release|x64.Build.0 = Release|Any CPU
		{18269DE2-2BD0-441B-B540-596E87B6E869}.Release|x86.ActiveCfg = Release|Any CPU
		{18269DE2-2BD0-441B-B540-596E87B6E869}.Release|x86.Build.0 = Release|Any CPU
	EndGlobalSection
	GlobalSection(SolutionProperties) = preSolution
		HideSolutionNode = FALSE
	EndGlobalSection
	GlobalSection(NestedProjects) = preSolution
		{2689B1EF-29AF-4F3E-A7EC-C87FF66DC403} = {5F7EF80E-DFBE-4CD4-853F-5AACE94DDA21}
		{79C4901A-BCAA-49AA-A789-6A8F97ACC881} = {5F7EF80E-DFBE-4CD4-853F-5AACE94DDA21}
		{79C1CBFF-B54E-43FC-A4CB-E6AF0AA1D0FF} = {5F7EF80E-DFBE-4CD4-853F-5AACE94DDA21}
		{D34E5E80-BFF9-4300-8ADA-9085D0EC65BB} = {5F7EF80E-DFBE-4CD4-853F-5AACE94DDA21}
		{48602976-ABA8-4639-93E1-54CD0B2F0C23} = {5F7EF80E-DFBE-4CD4-853F-5AACE94DDA21}
		{D08C2916-8ECB-4163-8171-BD86EF392858} = {5F7EF80E-DFBE-4CD4-853F-5AACE94DDA21}
	EndGlobalSection
	GlobalSection(ExtensibilityGlobals) = postSolution
		SolutionGuid = {0B38A63A-6087-45CB-97CF-2C14E806C2CA}
	EndGlobalSection
EndGlobal
