
Microsoft Visual Studio Solution File, Format Version 12.00
# Visual Studio 2012
Project("{FAE04EC0-301F-11D3-BF4B-00C04F79EFBC}") = "BouncyCastle.AxCrypt", "src\BouncyCastle.AxCrypt.csproj", "{3B5CDE2B-9418-4873-9E13-B0594D7483A3}"
EndProject
Global
	GlobalSection(SolutionConfigurationPlatforms) = preSolution
		Debug|Any CPU = Debug|Any CPU
		Release|Any CPU = Release|Any CPU
	EndGlobalSection
	GlobalSection(ProjectConfigurationPlatforms) = postSolution
		{3B5CDE2B-9418-4873-9E13-B0594D7483A3}.Debug|Any CPU.ActiveCfg = Debug|Any CPU
		{3B5CDE2B-9418-4873-9E13-B0594D7483A3}.Debug|Any CPU.Build.0 = Debug|Any CPU
		{3B5CDE2B-9418-4873-9E13-B0594D7483A3}.Release|Any CPU.ActiveCfg = Release|Any CPU
		{3B5CDE2B-9418-4873-9E13-B0594D7483A3}.Release|Any CPU.Build.0 = Release|Any CPU
	EndGlobalSection
	GlobalSection(SolutionProperties) = preSolution
		HideSolutionNode = FALSE
	EndGlobalSection
EndGlobal
